
Microsoft Visual Studio Solution File, Format Version 12.00
# Visual Studio Version 17
VisualStudioVersion = 17.13.35913.81
MinimumVisualStudioVersion = 10.0.40219.1
Project("{FAE04EC0-301F-11D3-BF4B-00C04F79EFBC}") = "trabajofinal_programacion_avanzada_logistica", "trabajofinal_programacion_avanzada_logistica\trabajofinal_programacion_avanzada_logistica.csproj", "{0ACC52B5-9E80-4319-ABF6-2FF3AC92A732}"
EndProject
Global
	GlobalSection(SolutionConfigurationPlatforms) = preSolution
		Debug|Any CPU = Debug|Any CPU
		Release|Any CPU = Release|Any CPU
	EndGlobalSection
	GlobalSection(ProjectConfigurationPlatforms) = postSolution
		{0ACC52B5-9E80-4319-ABF6-2FF3AC92A732}.Debug|Any CPU.ActiveCfg = Debug|Any CPU
		{0ACC52B5-9E80-4319-ABF6-2FF3AC92A732}.Debug|Any CPU.Build.0 = Debug|Any CPU
		{0ACC52B5-9E80-4319-ABF6-2FF3AC92A732}.Release|Any CPU.ActiveCfg = Release|Any CPU
		{0ACC52B5-9E80-4319-ABF6-2FF3AC92A732}.Release|Any CPU.Build.0 = Release|Any CPU
	EndGlobalSection
	GlobalSection(SolutionProperties) = preSolution
		HideSolutionNode = FALSE
	EndGlobalSection
	GlobalSection(ExtensibilityGlobals) = postSolution
		SolutionGuid = {0E001BDB-76D8-4D78-B1A8-12358C32AA3B}
	EndGlobalSection
EndGlobal
